
Microsoft Visual Studio Solution File, Format Version 12.00
# Visual Studio Version 16
VisualStudioVersion = 16.0.31005.135
MinimumVisualStudioVersion = 10.0.40219.1
Project("{9A19103F-16F7-4668-BE54-9A1E7A4F7556}") = "WpfApplication", "isa\WpfApplication.csproj", "{6F498390-933B-4B75-8549-61040A838149}"
EndProject
Project("{9A19103F-16F7-4668-BE54-9A1E7A4F7556}") = "NumberFormat", "NumberFormat\NumberFormat.csproj", "{60E6F220-E9EF-45CC-9817-063206A22199}"
EndProject
Project("{9A19103F-16F7-4668-BE54-9A1E7A4F7556}") = "NumberFormatTest", "NumberFormatTest\NumberFormatTest.csproj", "{C3252C6B-B6D9-4425-97D6-E6ABFD244E07}"
EndProject
Project("{9A19103F-16F7-4668-BE54-9A1E7A4F7556}") = "GenerationTests", "GenerationTests\GenerationTests.csproj", "{055ABCA9-DB04-4B69-8D01-8BCBA8E0758B}"
EndProject
Project("{9A19103F-16F7-4668-BE54-9A1E7A4F7556}") = "GeneticAlgorithmModule", "Genetic\GeneticAlgorithmModule.csproj", "{BE407051-6B1D-4A4E-B33E-CE6062F861F5}"
EndProject
Project("{2150E333-8FDC-42A3-9474-1A3956D46DE8}") = "Tests", "Tests", "{84D9AF94-20E1-4986-8D5E-5F3734DBF70B}"
EndProject
Project("{2150E333-8FDC-42A3-9474-1A3956D46DE8}") = "Modules", "Modules", "{FED01812-A001-4A18-8889-7DABB4FFC489}"
EndProject
Project("{9A19103F-16F7-4668-BE54-9A1E7A4F7556}") = "Zad2", "Zad2\Zad2.csproj", "{173B22DA-3545-44E1-8409-174C201FBFF6}"
EndProject
Project("{9A19103F-16F7-4668-BE54-9A1E7A4F7556}") = "GeneticAlgorithmBenchmark", "GeneticAlgorithmBenchmark\GeneticAlgorithmBenchmark.csproj", "{3F751D98-256B-4B94-BF54-CC1301EBFB1B}"
EndProject
Project("{2150E333-8FDC-42A3-9474-1A3956D46DE8}") = "Zad2", "Zad2", "{07681F43-F966-481A-8AE0-917533498A2E}"
EndProject
Project("{9A19103F-16F7-4668-BE54-9A1E7A4F7556}") = "FindBestParameters", "FindBestParameters\FindBestParameters.csproj", "{7C057436-2B97-49FE-8855-4A6E7CC6BCFD}"
EndProject
Project("{9A19103F-16F7-4668-BE54-9A1E7A4F7556}") = "GeoAlgorithmModule", "GeoAlgorithmModule\GeoAlgorithmModule.csproj", "{87F35E37-BADA-4039-ACC0-407E7835EFDC}"
EndProject
Project("{FAE04EC0-301F-11D3-BF4B-00C04F79EFBC}") = "HillAlgorithmModule", "HillAlgorithmModule\HillAlgorithmModule.csproj", "{7230FB58-9E80-4D01-BA66-16A995707B08}"
EndProject
Global
	GlobalSection(SolutionConfigurationPlatforms) = preSolution
		Debug|Any CPU = Debug|Any CPU
		Release|Any CPU = Release|Any CPU
	EndGlobalSection
	GlobalSection(ProjectConfigurationPlatforms) = postSolution
		{6F498390-933B-4B75-8549-61040A838149}.Debug|Any CPU.ActiveCfg = Debug|Any CPU
		{6F498390-933B-4B75-8549-61040A838149}.Debug|Any CPU.Build.0 = Debug|Any CPU
		{6F498390-933B-4B75-8549-61040A838149}.Release|Any CPU.ActiveCfg = Release|Any CPU
		{6F498390-933B-4B75-8549-61040A838149}.Release|Any CPU.Build.0 = Release|Any CPU
		{60E6F220-E9EF-45CC-9817-063206A22199}.Debug|Any CPU.ActiveCfg = Debug|Any CPU
		{60E6F220-E9EF-45CC-9817-063206A22199}.Debug|Any CPU.Build.0 = Debug|Any CPU
		{60E6F220-E9EF-45CC-9817-063206A22199}.Release|Any CPU.ActiveCfg = Release|Any CPU
		{60E6F220-E9EF-45CC-9817-063206A22199}.Release|Any CPU.Build.0 = Release|Any CPU
		{C3252C6B-B6D9-4425-97D6-E6ABFD244E07}.Debug|Any CPU.ActiveCfg = Debug|Any CPU
		{C3252C6B-B6D9-4425-97D6-E6ABFD244E07}.Debug|Any CPU.Build.0 = Debug|Any CPU
		{C3252C6B-B6D9-4425-97D6-E6ABFD244E07}.Release|Any CPU.ActiveCfg = Release|Any CPU
		{C3252C6B-B6D9-4425-97D6-E6ABFD244E07}.Release|Any CPU.Build.0 = Release|Any CPU
		{055ABCA9-DB04-4B69-8D01-8BCBA8E0758B}.Debug|Any CPU.ActiveCfg = Debug|Any CPU
		{055ABCA9-DB04-4B69-8D01-8BCBA8E0758B}.Debug|Any CPU.Build.0 = Debug|Any CPU
		{055ABCA9-DB04-4B69-8D01-8BCBA8E0758B}.Release|Any CPU.ActiveCfg = Release|Any CPU
		{055ABCA9-DB04-4B69-8D01-8BCBA8E0758B}.Release|Any CPU.Build.0 = Release|Any CPU
		{BE407051-6B1D-4A4E-B33E-CE6062F861F5}.Debug|Any CPU.ActiveCfg = Debug|Any CPU
		{BE407051-6B1D-4A4E-B33E-CE6062F861F5}.Debug|Any CPU.Build.0 = Debug|Any CPU
		{BE407051-6B1D-4A4E-B33E-CE6062F861F5}.Release|Any CPU.ActiveCfg = Release|Any CPU
		{BE407051-6B1D-4A4E-B33E-CE6062F861F5}.Release|Any CPU.Build.0 = Release|Any CPU
		{173B22DA-3545-44E1-8409-174C201FBFF6}.Debug|Any CPU.ActiveCfg = Debug|Any CPU
		{173B22DA-3545-44E1-8409-174C201FBFF6}.Debug|Any CPU.Build.0 = Debug|Any CPU
		{173B22DA-3545-44E1-8409-174C201FBFF6}.Release|Any CPU.ActiveCfg = Release|Any CPU
		{173B22DA-3545-44E1-8409-174C201FBFF6}.Release|Any CPU.Build.0 = Release|Any CPU
		{3F751D98-256B-4B94-BF54-CC1301EBFB1B}.Debug|Any CPU.ActiveCfg = Debug|Any CPU
		{3F751D98-256B-4B94-BF54-CC1301EBFB1B}.Debug|Any CPU.Build.0 = Debug|Any CPU
		{3F751D98-256B-4B94-BF54-CC1301EBFB1B}.Release|Any CPU.ActiveCfg = Release|Any CPU
		{3F751D98-256B-4B94-BF54-CC1301EBFB1B}.Release|Any CPU.Build.0 = Release|Any CPU
		{7C057436-2B97-49FE-8855-4A6E7CC6BCFD}.Debug|Any CPU.ActiveCfg = Debug|Any CPU
		{7C057436-2B97-49FE-8855-4A6E7CC6BCFD}.Debug|Any CPU.Build.0 = Debug|Any CPU
		{7C057436-2B97-49FE-8855-4A6E7CC6BCFD}.Release|Any CPU.ActiveCfg = Release|Any CPU
		{7C057436-2B97-49FE-8855-4A6E7CC6BCFD}.Release|Any CPU.Build.0 = Release|Any CPU
		{87F35E37-BADA-4039-ACC0-407E7835EFDC}.Debug|Any CPU.ActiveCfg = Debug|Any CPU
		{87F35E37-BADA-4039-ACC0-407E7835EFDC}.Debug|Any CPU.Build.0 = Debug|Any CPU
		{87F35E37-BADA-4039-ACC0-407E7835EFDC}.Release|Any CPU.ActiveCfg = Release|Any CPU
		{87F35E37-BADA-4039-ACC0-407E7835EFDC}.Release|Any CPU.Build.0 = Release|Any CPU
		{7230FB58-9E80-4D01-BA66-16A995707B08}.Debug|Any CPU.ActiveCfg = Debug|Any CPU
		{7230FB58-9E80-4D01-BA66-16A995707B08}.Debug|Any CPU.Build.0 = Debug|Any CPU
		{7230FB58-9E80-4D01-BA66-16A995707B08}.Release|Any CPU.ActiveCfg = Release|Any CPU
		{7230FB58-9E80-4D01-BA66-16A995707B08}.Release|Any CPU.Build.0 = Release|Any CPU
	EndGlobalSection
	GlobalSection(SolutionProperties) = preSolution
		HideSolutionNode = FALSE
	EndGlobalSection
	GlobalSection(NestedProjects) = preSolution
		{60E6F220-E9EF-45CC-9817-063206A22199} = {FED01812-A001-4A18-8889-7DABB4FFC489}
		{C3252C6B-B6D9-4425-97D6-E6ABFD244E07} = {84D9AF94-20E1-4986-8D5E-5F3734DBF70B}
		{055ABCA9-DB04-4B69-8D01-8BCBA8E0758B} = {84D9AF94-20E1-4986-8D5E-5F3734DBF70B}
		{BE407051-6B1D-4A4E-B33E-CE6062F861F5} = {FED01812-A001-4A18-8889-7DABB4FFC489}
		{173B22DA-3545-44E1-8409-174C201FBFF6} = {07681F43-F966-481A-8AE0-917533498A2E}
		{07681F43-F966-481A-8AE0-917533498A2E} = {FED01812-A001-4A18-8889-7DABB4FFC489}
		{7C057436-2B97-49FE-8855-4A6E7CC6BCFD} = {07681F43-F966-481A-8AE0-917533498A2E}
		{87F35E37-BADA-4039-ACC0-407E7835EFDC} = {FED01812-A001-4A18-8889-7DABB4FFC489}
		{7230FB58-9E80-4D01-BA66-16A995707B08} = {FED01812-A001-4A18-8889-7DABB4FFC489}
	EndGlobalSection
	GlobalSection(ExtensibilityGlobals) = postSolution
		SolutionGuid = {894642B7-C85D-4D1E-BE2A-EEDEA4271ED6}
	EndGlobalSection
EndGlobal
